
Microsoft Visual Studio Solution File, Format Version 12.00
# Visual Studio 14
VisualStudioVersion = 14.0.25420.1
MinimumVisualStudioVersion = 10.0.40219.1
Project("{FAE04EC0-301F-11D3-BF4B-00C04F79EFBC}") = "EmbeddingWinForm", "EmbeddingWindows\EmbeddingWinForm.csproj", "{8AC7E2F6-9A3D-42BB-A7FA-3291E149C5D2}"
EndProject
Project("{FAE04EC0-301F-11D3-BF4B-00C04F79EFBC}") = "EmbeddedWeb", "EmbeddedWeb\EmbeddedWeb.csproj", "{6E92CBAF-170E-4DCD-911B-9932C2538C9C}"
EndProject
Project("{2150E333-8FDC-42A3-9474-1A3956D46DE8}") = "Solution Items", "Solution Items", "{B747BA56-D669-43AB-A657-0192043B6F09}"
	ProjectSection(SolutionItems) = preProject
		README.md = README.md
	EndProjectSection
EndProject
Global
	GlobalSection(SolutionConfigurationPlatforms) = preSolution
		Debug|Any CPU = Debug|Any CPU
		Release|Any CPU = Release|Any CPU
	EndGlobalSection
	GlobalSection(ProjectConfigurationPlatforms) = postSolution
		{8AC7E2F6-9A3D-42BB-A7FA-3291E149C5D2}.Debug|Any CPU.ActiveCfg = Debug|Any CPU
		{8AC7E2F6-9A3D-42BB-A7FA-3291E149C5D2}.Debug|Any CPU.Build.0 = Debug|Any CPU
		{8AC7E2F6-9A3D-42BB-A7FA-3291E149C5D2}.Release|Any CPU.ActiveCfg = Release|Any CPU
		{8AC7E2F6-9A3D-42BB-A7FA-3291E149C5D2}.Release|Any CPU.Build.0 = Release|Any CPU
		{6E92CBAF-170E-4DCD-911B-9932C2538C9C}.Debug|Any CPU.ActiveCfg = Debug|Any CPU
		{6E92CBAF-170E-4DCD-911B-9932C2538C9C}.Debug|Any CPU.Build.0 = Debug|Any CPU
		{6E92CBAF-170E-4DCD-911B-9932C2538C9C}.Release|Any CPU.ActiveCfg = Release|Any CPU
		{6E92CBAF-170E-4DCD-911B-9932C2538C9C}.Release|Any CPU.Build.0 = Release|Any CPU
	EndGlobalSection
	GlobalSection(SolutionProperties) = preSolution
		HideSolutionNode = FALSE
	EndGlobalSection
EndGlobal
